
Microsoft Visual Studio Solution File, Format Version 12.00
# Visual Studio 15
VisualStudioVersion = 15.0.26730.10
MinimumVisualStudioVersion = 10.0.40219.1
Project("{FAE04EC0-301F-11D3-BF4B-00C04F79EFBC}") = "Ddd.DotNet.Domain", "Ddd.DotNet.Domain\Ddd.DotNet.Domain.csproj", "{C6316D7F-CA80-4897-9B8D-7FB02125426C}"
EndProject
Project("{FAE04EC0-301F-11D3-BF4B-00C04F79EFBC}") = "Ddd.DotNet.Data", "Ddd.DotNet.Data\Ddd.DotNet.Data.csproj", "{97EB4509-0CCB-40D6-86A2-29FD7A967C6F}"
EndProject
Project("{FAE04EC0-301F-11D3-BF4B-00C04F79EFBC}") = "Ddd.DotNet.MvcWebApi", "Ddd.DotNet.MvcWebApi\Ddd.DotNet.MvcWebApi.csproj", "{B22E8FE8-A97E-45B2-8FBD-0F3F67A56F66}"
EndProject
Project("{FAE04EC0-301F-11D3-BF4B-00C04F79EFBC}") = "Ddd.DotNet.Application", "Ddd.DotNet.Application\Ddd.DotNet.Application.csproj", "{2FCBC740-BDC7-42F7-80C5-C82EA8A4ABD2}"
EndProject
Project("{2150E333-8FDC-42A3-9474-1A3956D46DE8}") = "Test", "Test", "{9722F234-B1EE-46DA-B3B9-5D37F4FDCD22}"
EndProject
Project("{FAE04EC0-301F-11D3-BF4B-00C04F79EFBC}") = "Ddd.DotNet.Test", "Ddd.DotNet.Test\Ddd.DotNet.Test.csproj", "{373E1CC8-AC43-49A7-A38A-D581EF4C2844}"
EndProject
Global
	GlobalSection(SolutionConfigurationPlatforms) = preSolution
		Debug|Any CPU = Debug|Any CPU
		Release|Any CPU = Release|Any CPU
	EndGlobalSection
	GlobalSection(ProjectConfigurationPlatforms) = postSolution
		{C6316D7F-CA80-4897-9B8D-7FB02125426C}.Debug|Any CPU.ActiveCfg = Debug|Any CPU
		{C6316D7F-CA80-4897-9B8D-7FB02125426C}.Debug|Any CPU.Build.0 = Debug|Any CPU
		{C6316D7F-CA80-4897-9B8D-7FB02125426C}.Release|Any CPU.ActiveCfg = Release|Any CPU
		{C6316D7F-CA80-4897-9B8D-7FB02125426C}.Release|Any CPU.Build.0 = Release|Any CPU
		{97EB4509-0CCB-40D6-86A2-29FD7A967C6F}.Debug|Any CPU.ActiveCfg = Debug|Any CPU
		{97EB4509-0CCB-40D6-86A2-29FD7A967C6F}.Debug|Any CPU.Build.0 = Debug|Any CPU
		{97EB4509-0CCB-40D6-86A2-29FD7A967C6F}.Release|Any CPU.ActiveCfg = Release|Any CPU
		{97EB4509-0CCB-40D6-86A2-29FD7A967C6F}.Release|Any CPU.Build.0 = Release|Any CPU
		{B22E8FE8-A97E-45B2-8FBD-0F3F67A56F66}.Debug|Any CPU.ActiveCfg = Debug|Any CPU
		{B22E8FE8-A97E-45B2-8FBD-0F3F67A56F66}.Debug|Any CPU.Build.0 = Debug|Any CPU
		{B22E8FE8-A97E-45B2-8FBD-0F3F67A56F66}.Release|Any CPU.ActiveCfg = Release|Any CPU
		{B22E8FE8-A97E-45B2-8FBD-0F3F67A56F66}.Release|Any CPU.Build.0 = Release|Any CPU
		{2FCBC740-BDC7-42F7-80C5-C82EA8A4ABD2}.Debug|Any CPU.ActiveCfg = Debug|Any CPU
		{2FCBC740-BDC7-42F7-80C5-C82EA8A4ABD2}.Debug|Any CPU.Build.0 = Debug|Any CPU
		{2FCBC740-BDC7-42F7-80C5-C82EA8A4ABD2}.Release|Any CPU.ActiveCfg = Release|Any CPU
		{2FCBC740-BDC7-42F7-80C5-C82EA8A4ABD2}.Release|Any CPU.Build.0 = Release|Any CPU
		{373E1CC8-AC43-49A7-A38A-D581EF4C2844}.Debug|Any CPU.ActiveCfg = Debug|Any CPU
		{373E1CC8-AC43-49A7-A38A-D581EF4C2844}.Debug|Any CPU.Build.0 = Debug|Any CPU
		{373E1CC8-AC43-49A7-A38A-D581EF4C2844}.Release|Any CPU.ActiveCfg = Release|Any CPU
		{373E1CC8-AC43-49A7-A38A-D581EF4C2844}.Release|Any CPU.Build.0 = Release|Any CPU
	EndGlobalSection
	GlobalSection(SolutionProperties) = preSolution
		HideSolutionNode = FALSE
	EndGlobalSection
	GlobalSection(NestedProjects) = preSolution
		{373E1CC8-AC43-49A7-A38A-D581EF4C2844} = {9722F234-B1EE-46DA-B3B9-5D37F4FDCD22}
	EndGlobalSection
	GlobalSection(ExtensibilityGlobals) = postSolution
		SolutionGuid = {E033CF24-B7CD-4DFE-8000-FD8848DD6F1B}
	EndGlobalSection
EndGlobal
